
Microsoft Visual Studio Solution File, Format Version 12.00
# Visual Studio Version 17
VisualStudioVersion = 17.1.32407.343
MinimumVisualStudioVersion = 10.0.40219.1
Project("{FAE04EC0-301F-11D3-BF4B-00C04F79EFBC}") = "CactbotSelf", "CactbotSelf\CactbotSelf.csproj", "{C9E4A59B-BF33-4CA5-A9FF-BB89C5C8985C}"
EndProject
Global
	GlobalSection(SolutionConfigurationPlatforms) = preSolution
		Debug|Any CPU = Debug|Any CPU
		Release|Any CPU = Release|Any CPU
	EndGlobalSection
	GlobalSection(ProjectConfigurationPlatforms) = postSolution
		{C9E4A59B-BF33-4CA5-A9FF-BB89C5C8985C}.Debug|Any CPU.ActiveCfg = Debug|Any CPU
		{C9E4A59B-BF33-4CA5-A9FF-BB89C5C8985C}.Debug|Any CPU.Build.0 = Debug|Any CPU
		{C9E4A59B-BF33-4CA5-A9FF-BB89C5C8985C}.Release|Any CPU.ActiveCfg = Release|Any CPU
		{C9E4A59B-BF33-4CA5-A9FF-BB89C5C8985C}.Release|Any CPU.Build.0 = Release|Any CPU
	EndGlobalSection
	GlobalSection(SolutionProperties) = preSolution
		HideSolutionNode = FALSE
	EndGlobalSection
	GlobalSection(ExtensibilityGlobals) = postSolution
		SolutionGuid = {6EC149E9-5403-4C4A-A20E-C325EBE1FFFD}
	EndGlobalSection
EndGlobal
